
Microsoft Visual Studio Solution File, Format Version 12.00
# Visual Studio Version 17
VisualStudioVersion = 17.5.001.0
MinimumVisualStudioVersion = 10.0.40219.1
Project("{2150E333-8FDC-42A3-9474-1A3956D46DE8}") = "prepare", "prepare", "{5077B6B0-D0C0-4F11-9069-459A626ACFDE}"
EndProject
Project("{9A19103F-16F7-4668-BE54-9A1E7A4F7556}") = "Learning02", "prepare\Learning02\Learning02.csproj", "{6DC2DD28-AAF8-4ABD-83E2-FA0B46335468}"
EndProject
Project("{9A19103F-16F7-4668-BE54-9A1E7A4F7556}") = "Learning05", "prepare\Learning05\Learning05.csproj", "{8F71C71E-EC59-4BC7-A4A7-891F986784DE}"
EndProject
Project("{9A19103F-16F7-4668-BE54-9A1E7A4F7556}") = "Learning04", "prepare\Learning04\Learning04.csproj", "{4E742BED-8661-426F-9658-9DAF7DC01FAD}"
EndProject
Project("{9A19103F-16F7-4668-BE54-9A1E7A4F7556}") = "Learning03", "prepare\Learning03\Learning03.csproj", "{DA078FCE-78C1-4274-82DA-16730067B7CD}"
EndProject
Project("{2150E333-8FDC-42A3-9474-1A3956D46DE8}") = "prove", "prove", "{ECE13F98-8FF3-495D-9E66-120500689322}"
EndProject
Project("{9A19103F-16F7-4668-BE54-9A1E7A4F7556}") = "Develop03", "prove\Develop03\Develop03.csproj", "{1A570B8D-C469-4825-AF8A-022B6980F74F}"
EndProject
Project("{9A19103F-16F7-4668-BE54-9A1E7A4F7556}") = "Develop04", "prove\Develop04\Develop04.csproj", "{95A2CA51-92C0-4970-98B2-CE335441BBCA}"
EndProject
Project("{9A19103F-16F7-4668-BE54-9A1E7A4F7556}") = "Develop05", "prove\Develop05\Develop05.csproj", "{96836CD4-DED5-47F8-A16E-AF24B45DBE96}"
EndProject
Project("{9A19103F-16F7-4668-BE54-9A1E7A4F7556}") = "Develop02", "prove\Develop02\Develop02.csproj", "{B59CD626-DEF2-45AC-866E-8A66F3539FA5}"
EndProject
Project("{2150E333-8FDC-42A3-9474-1A3956D46DE8}") = "sandbox", "sandbox", "{22742E8E-CB69-47E5-8871-8C660019E7C9}"
EndProject
Project("{9A19103F-16F7-4668-BE54-9A1E7A4F7556}") = "Sandbox", "sandbox\Sandbox\Sandbox.csproj", "{C40CA788-B0FB-4B02-85A8-4F6624C51C20}"
EndProject
Project("{2150E333-8FDC-42A3-9474-1A3956D46DE8}") = "final", "final", "{76C9C8FD-175F-4C76-A2C7-792215544BDB}"
EndProject
Project("{9A19103F-16F7-4668-BE54-9A1E7A4F7556}") = "FinalProject", "final\FinalProject\FinalProject.csproj", "{731B296C-4768-4BF7-A6D3-5C4F8AADF06E}"
EndProject
Project("{9A19103F-16F7-4668-BE54-9A1E7A4F7556}") = "Foundation1", "final\Foundation1\Foundation1.csproj", "{3896F3B3-0673-4AD9-9CFB-5BD1C039E842}"
EndProject
Project("{9A19103F-16F7-4668-BE54-9A1E7A4F7556}") = "Foundation4", "final\Foundation4\Foundation4.csproj", "{B78FD5D0-9C39-46AB-9EF2-AE7083959D87}"
EndProject
Project("{9A19103F-16F7-4668-BE54-9A1E7A4F7556}") = "Foundation3", "final\Foundation3\Foundation3.csproj", "{5C6CB9EE-4B09-4BB2-B373-0C543D234F58}"
EndProject
Project("{9A19103F-16F7-4668-BE54-9A1E7A4F7556}") = "Foundation2", "final\Foundation2\Foundation2.csproj", "{83E73786-6DBA-4CA3-BB1B-3F194800341A}"
EndProject
Project("{2150E333-8FDC-42A3-9474-1A3956D46DE8}") = "csharp-prep", "csharp-prep", "{618CFE72-65BA-463E-90B0-A5948E8CA61B}"
EndProject
Project("{9A19103F-16F7-4668-BE54-9A1E7A4F7556}") = "Prep1", "csharp-prep\Prep1\Prep1.csproj", "{3357766F-4F8A-4CA3-A8E4-0B5020CB0E2C}"
EndProject
Project("{9A19103F-16F7-4668-BE54-9A1E7A4F7556}") = "Prep5", "csharp-prep\Prep5\Prep5.csproj", "{AA8D777D-501B-408A-A0DD-1231B29B5227}"
EndProject
Project("{9A19103F-16F7-4668-BE54-9A1E7A4F7556}") = "Prep2", "csharp-prep\Prep2\Prep2.csproj", "{638A48CB-AD3A-4AEA-A873-0EA7B4B74FFB}"
EndProject
Project("{9A19103F-16F7-4668-BE54-9A1E7A4F7556}") = "Prep3", "csharp-prep\Prep3\Prep3.csproj", "{4FF0D7B7-ED4D-49D6-A8CC-3F26261D45F5}"
EndProject
Project("{9A19103F-16F7-4668-BE54-9A1E7A4F7556}") = "Prep4", "csharp-prep\Prep4\Prep4.csproj", "{DFE20A6A-8D24-494D-9506-401625C6EE94}"
EndProject
Global
	GlobalSection(SolutionConfigurationPlatforms) = preSolution
		Debug|Any CPU = Debug|Any CPU
		Release|Any CPU = Release|Any CPU
	EndGlobalSection
	GlobalSection(ProjectConfigurationPlatforms) = postSolution
		{6DC2DD28-AAF8-4ABD-83E2-FA0B46335468}.Debug|Any CPU.ActiveCfg = Debug|Any CPU
		{6DC2DD28-AAF8-4ABD-83E2-FA0B46335468}.Debug|Any CPU.Build.0 = Debug|Any CPU
		{6DC2DD28-AAF8-4ABD-83E2-FA0B46335468}.Release|Any CPU.ActiveCfg = Release|Any CPU
		{6DC2DD28-AAF8-4ABD-83E2-FA0B46335468}.Release|Any CPU.Build.0 = Release|Any CPU
		{8F71C71E-EC59-4BC7-A4A7-891F986784DE}.Debug|Any CPU.ActiveCfg = Debug|Any CPU
		{8F71C71E-EC59-4BC7-A4A7-891F986784DE}.Debug|Any CPU.Build.0 = Debug|Any CPU
		{8F71C71E-EC59-4BC7-A4A7-891F986784DE}.Release|Any CPU.ActiveCfg = Release|Any CPU
		{8F71C71E-EC59-4BC7-A4A7-891F986784DE}.Release|Any CPU.Build.0 = Release|Any CPU
		{4E742BED-8661-426F-9658-9DAF7DC01FAD}.Debug|Any CPU.ActiveCfg = Debug|Any CPU
		{4E742BED-8661-426F-9658-9DAF7DC01FAD}.Debug|Any CPU.Build.0 = Debug|Any CPU
		{4E742BED-8661-426F-9658-9DAF7DC01FAD}.Release|Any CPU.ActiveCfg = Release|Any CPU
		{4E742BED-8661-426F-9658-9DAF7DC01FAD}.Release|Any CPU.Build.0 = Release|Any CPU
		{DA078FCE-78C1-4274-82DA-16730067B7CD}.Debug|Any CPU.ActiveCfg = Debug|Any CPU
		{DA078FCE-78C1-4274-82DA-16730067B7CD}.Debug|Any CPU.Build.0 = Debug|Any CPU
		{DA078FCE-78C1-4274-82DA-16730067B7CD}.Release|Any CPU.ActiveCfg = Release|Any CPU
		{DA078FCE-78C1-4274-82DA-16730067B7CD}.Release|Any CPU.Build.0 = Release|Any CPU
		{1A570B8D-C469-4825-AF8A-022B6980F74F}.Debug|Any CPU.ActiveCfg = Debug|Any CPU
		{1A570B8D-C469-4825-AF8A-022B6980F74F}.Debug|Any CPU.Build.0 = Debug|Any CPU
		{1A570B8D-C469-4825-AF8A-022B6980F74F}.Release|Any CPU.ActiveCfg = Release|Any CPU
		{1A570B8D-C469-4825-AF8A-022B6980F74F}.Release|Any CPU.Build.0 = Release|Any CPU
		{95A2CA51-92C0-4970-98B2-CE335441BBCA}.Debug|Any CPU.ActiveCfg = Debug|Any CPU
		{95A2CA51-92C0-4970-98B2-CE335441BBCA}.Debug|Any CPU.Build.0 = Debug|Any CPU
		{95A2CA51-92C0-4970-98B2-CE335441BBCA}.Release|Any CPU.ActiveCfg = Release|Any CPU
		{95A2CA51-92C0-4970-98B2-CE335441BBCA}.Release|Any CPU.Build.0 = Release|Any CPU
		{96836CD4-DED5-47F8-A16E-AF24B45DBE96}.Debug|Any CPU.ActiveCfg = Debug|Any CPU
		{96836CD4-DED5-47F8-A16E-AF24B45DBE96}.Debug|Any CPU.Build.0 = Debug|Any CPU
		{96836CD4-DED5-47F8-A16E-AF24B45DBE96}.Release|Any CPU.ActiveCfg = Release|Any CPU
		{96836CD4-DED5-47F8-A16E-AF24B45DBE96}.Release|Any CPU.Build.0 = Release|Any CPU
		{B59CD626-DEF2-45AC-866E-8A66F3539FA5}.Debug|Any CPU.ActiveCfg = Debug|Any CPU
		{B59CD626-DEF2-45AC-866E-8A66F3539FA5}.Debug|Any CPU.Build.0 = Debug|Any CPU
		{B59CD626-DEF2-45AC-866E-8A66F3539FA5}.Release|Any CPU.ActiveCfg = Release|Any CPU
		{B59CD626-DEF2-45AC-866E-8A66F3539FA5}.Release|Any CPU.Build.0 = Release|Any CPU
		{C40CA788-B0FB-4B02-85A8-4F6624C51C20}.Debug|Any CPU.ActiveCfg = Debug|Any CPU
		{C40CA788-B0FB-4B02-85A8-4F6624C51C20}.Debug|Any CPU.Build.0 = Debug|Any CPU
		{C40CA788-B0FB-4B02-85A8-4F6624C51C20}.Release|Any CPU.ActiveCfg = Release|Any CPU
		{C40CA788-B0FB-4B02-85A8-4F6624C51C20}.Release|Any CPU.Build.0 = Release|Any CPU
		{731B296C-4768-4BF7-A6D3-5C4F8AADF06E}.Debug|Any CPU.ActiveCfg = Debug|Any CPU
		{731B296C-4768-4BF7-A6D3-5C4F8AADF06E}.Debug|Any CPU.Build.0 = Debug|Any CPU
		{731B296C-4768-4BF7-A6D3-5C4F8AADF06E}.Release|Any CPU.ActiveCfg = Release|Any CPU
		{731B296C-4768-4BF7-A6D3-5C4F8AADF06E}.Release|Any CPU.Build.0 = Release|Any CPU
		{3896F3B3-0673-4AD9-9CFB-5BD1C039E842}.Debug|Any CPU.ActiveCfg = Debug|Any CPU
		{3896F3B3-0673-4AD9-9CFB-5BD1C039E842}.Debug|Any CPU.Build.0 = Debug|Any CPU
		{3896F3B3-0673-4AD9-9CFB-5BD1C039E842}.Release|Any CPU.ActiveCfg = Release|Any CPU
		{3896F3B3-0673-4AD9-9CFB-5BD1C039E842}.Release|Any CPU.Build.0 = Release|Any CPU
		{B78FD5D0-9C39-46AB-9EF2-AE7083959D87}.Debug|Any CPU.ActiveCfg = Debug|Any CPU
		{B78FD5D0-9C39-46AB-9EF2-AE7083959D87}.Debug|Any CPU.Build.0 = Debug|Any CPU
		{B78FD5D0-9C39-46AB-9EF2-AE7083959D87}.Release|Any CPU.ActiveCfg = Release|Any CPU
		{B78FD5D0-9C39-46AB-9EF2-AE7083959D87}.Release|Any CPU.Build.0 = Release|Any CPU
		{5C6CB9EE-4B09-4BB2-B373-0C543D234F58}.Debug|Any CPU.ActiveCfg = Debug|Any CPU
		{5C6CB9EE-4B09-4BB2-B373-0C543D234F58}.Debug|Any CPU.Build.0 = Debug|Any CPU
		{5C6CB9EE-4B09-4BB2-B373-0C543D234F58}.Release|Any CPU.ActiveCfg = Release|Any CPU
		{5C6CB9EE-4B09-4BB2-B373-0C543D234F58}.Release|Any CPU.Build.0 = Release|Any CPU
		{83E73786-6DBA-4CA3-BB1B-3F194800341A}.Debug|Any CPU.ActiveCfg = Debug|Any CPU
		{83E73786-6DBA-4CA3-BB1B-3F194800341A}.Debug|Any CPU.Build.0 = Debug|Any CPU
		{83E73786-6DBA-4CA3-BB1B-3F194800341A}.Release|Any CPU.ActiveCfg = Release|Any CPU
		{83E73786-6DBA-4CA3-BB1B-3F194800341A}.Release|Any CPU.Build.0 = Release|Any CPU
		{3357766F-4F8A-4CA3-A8E4-0B5020CB0E2C}.Debug|Any CPU.ActiveCfg = Debug|Any CPU
		{3357766F-4F8A-4CA3-A8E4-0B5020CB0E2C}.Debug|Any CPU.Build.0 = Debug|Any CPU
		{3357766F-4F8A-4CA3-A8E4-0B5020CB0E2C}.Release|Any CPU.ActiveCfg = Release|Any CPU
		{3357766F-4F8A-4CA3-A8E4-0B5020CB0E2C}.Release|Any CPU.Build.0 = Release|Any CPU
		{AA8D777D-501B-408A-A0DD-1231B29B5227}.Debug|Any CPU.ActiveCfg = Debug|Any CPU
		{AA8D777D-501B-408A-A0DD-1231B29B5227}.Debug|Any CPU.Build.0 = Debug|Any CPU
		{AA8D777D-501B-408A-A0DD-1231B29B5227}.Release|Any CPU.ActiveCfg = Release|Any CPU
		{AA8D777D-501B-408A-A0DD-1231B29B5227}.Release|Any CPU.Build.0 = Release|Any CPU
		{638A48CB-AD3A-4AEA-A873-0EA7B4B74FFB}.Debug|Any CPU.ActiveCfg = Debug|Any CPU
		{638A48CB-AD3A-4AEA-A873-0EA7B4B74FFB}.Debug|Any CPU.Build.0 = Debug|Any CPU
		{638A48CB-AD3A-4AEA-A873-0EA7B4B74FFB}.Release|Any CPU.ActiveCfg = Release|Any CPU
		{638A48CB-AD3A-4AEA-A873-0EA7B4B74FFB}.Release|Any CPU.Build.0 = Release|Any CPU
		{4FF0D7B7-ED4D-49D6-A8CC-3F26261D45F5}.Debug|Any CPU.ActiveCfg = Debug|Any CPU
		{4FF0D7B7-ED4D-49D6-A8CC-3F26261D45F5}.Debug|Any CPU.Build.0 = Debug|Any CPU
		{4FF0D7B7-ED4D-49D6-A8CC-3F26261D45F5}.Release|Any CPU.ActiveCfg = Release|Any CPU
		{4FF0D7B7-ED4D-49D6-A8CC-3F26261D45F5}.Release|Any CPU.Build.0 = Release|Any CPU
		{DFE20A6A-8D24-494D-9506-401625C6EE94}.Debug|Any CPU.ActiveCfg = Debug|Any CPU
		{DFE20A6A-8D24-494D-9506-401625C6EE94}.Debug|Any CPU.Build.0 = Debug|Any CPU
		{DFE20A6A-8D24-494D-9506-401625C6EE94}.Release|Any CPU.ActiveCfg = Release|Any CPU
		{DFE20A6A-8D24-494D-9506-401625C6EE94}.Release|Any CPU.Build.0 = Release|Any CPU
	EndGlobalSection
	GlobalSection(SolutionProperties) = preSolution
		HideSolutionNode = FALSE
	EndGlobalSection
	GlobalSection(NestedProjects) = preSolution
		{6DC2DD28-AAF8-4ABD-83E2-FA0B46335468} = {5077B6B0-D0C0-4F11-9069-459A626ACFDE}
		{8F71C71E-EC59-4BC7-A4A7-891F986784DE} = {5077B6B0-D0C0-4F11-9069-459A626ACFDE}
		{4E742BED-8661-426F-9658-9DAF7DC01FAD} = {5077B6B0-D0C0-4F11-9069-459A626ACFDE}
		{DA078FCE-78C1-4274-82DA-16730067B7CD} = {5077B6B0-D0C0-4F11-9069-459A626ACFDE}
		{1A570B8D-C469-4825-AF8A-022B6980F74F} = {ECE13F98-8FF3-495D-9E66-120500689322}
		{95A2CA51-92C0-4970-98B2-CE335441BBCA} = {ECE13F98-8FF3-495D-9E66-120500689322}
		{96836CD4-DED5-47F8-A16E-AF24B45DBE96} = {ECE13F98-8FF3-495D-9E66-120500689322}
		{B59CD626-DEF2-45AC-866E-8A66F3539FA5} = {ECE13F98-8FF3-495D-9E66-120500689322}
		{C40CA788-B0FB-4B02-85A8-4F6624C51C20} = {22742E8E-CB69-47E5-8871-8C660019E7C9}
		{731B296C-4768-4BF7-A6D3-5C4F8AADF06E} = {76C9C8FD-175F-4C76-A2C7-792215544BDB}
		{3896F3B3-0673-4AD9-9CFB-5BD1C039E842} = {76C9C8FD-175F-4C76-A2C7-792215544BDB}
		{B78FD5D0-9C39-46AB-9EF2-AE7083959D87} = {76C9C8FD-175F-4C76-A2C7-792215544BDB}
		{5C6CB9EE-4B09-4BB2-B373-0C543D234F58} = {76C9C8FD-175F-4C76-A2C7-792215544BDB}
		{83E73786-6DBA-4CA3-BB1B-3F194800341A} = {76C9C8FD-175F-4C76-A2C7-792215544BDB}
		{3357766F-4F8A-4CA3-A8E4-0B5020CB0E2C} = {618CFE72-65BA-463E-90B0-A5948E8CA61B}
		{AA8D777D-501B-408A-A0DD-1231B29B5227} = {618CFE72-65BA-463E-90B0-A5948E8CA61B}
		{638A48CB-AD3A-4AEA-A873-0EA7B4B74FFB} = {618CFE72-65BA-463E-90B0-A5948E8CA61B}
		{4FF0D7B7-ED4D-49D6-A8CC-3F26261D45F5} = {618CFE72-65BA-463E-90B0-A5948E8CA61B}
		{DFE20A6A-8D24-494D-9506-401625C6EE94} = {618CFE72-65BA-463E-90B0-A5948E8CA61B}
	EndGlobalSection
	GlobalSection(ExtensibilityGlobals) = postSolution
		SolutionGuid = {148E8C05-6394-4405-87B7-D32EB055183C}
	EndGlobalSection
EndGlobal
